
Microsoft Visual Studio Solution File, Format Version 12.00
# Visual Studio Version 17
VisualStudioVersion = 17.8.34330.188
MinimumVisualStudioVersion = 10.0.40219.1
Project("{8BC9CEB8-8B4A-11D0-8D11-00A0C91BC942}") = "IT61", "IT61\IT61.vcxproj", "{803FFD23-0B3A-480C-A246-8192950BF06C}"
EndProject
Global
	GlobalSection(SolutionConfigurationPlatforms) = preSolution
		Debug|x64 = Debug|x64
		Debug|x86 = Debug|x86
		Release|x64 = Release|x64
		Release|x86 = Release|x86
	EndGlobalSection
	GlobalSection(ProjectConfigurationPlatforms) = postSolution
		{803FFD23-0B3A-480C-A246-8192950BF06C}.Debug|x64.ActiveCfg = Debug|x64
		{803FFD23-0B3A-480C-A246-8192950BF06C}.Debug|x64.Build.0 = Debug|x64
		{803FFD23-0B3A-480C-A246-8192950BF06C}.Debug|x86.ActiveCfg = Debug|Win32
		{803FFD23-0B3A-480C-A246-8192950BF06C}.Debug|x86.Build.0 = Debug|Win32
		{803FFD23-0B3A-480C-A246-8192950BF06C}.Release|x64.ActiveCfg = Release|x64
		{803FFD23-0B3A-480C-A246-8192950BF06C}.Release|x64.Build.0 = Release|x64
		{803FFD23-0B3A-480C-A246-8192950BF06C}.Release|x86.ActiveCfg = Release|Win32
		{803FFD23-0B3A-480C-A246-8192950BF06C}.Release|x86.Build.0 = Release|Win32
	EndGlobalSection
	GlobalSection(SolutionProperties) = preSolution
		HideSolutionNode = FALSE
	EndGlobalSection
	GlobalSection(ExtensibilityGlobals) = postSolution
		SolutionGuid = {D4825C25-5FC4-4780-976A-B656EC6FC4B6}
	EndGlobalSection
EndGlobal
